
Microsoft Visual Studio Solution File, Format Version 12.00
# Visual Studio Version 17
VisualStudioVersion = 17.3.32825.248
MinimumVisualStudioVersion = 10.0.40219.1
Project("{FAE04EC0-301F-11D3-BF4B-00C04F79EFBC}") = "UI", "UI\UI.csproj", "{3AA6D742-75CD-4F73-A40C-82C327A19FCF}"
EndProject
Project("{FAE04EC0-301F-11D3-BF4B-00C04F79EFBC}") = "BLL", "BLL\BLL.csproj", "{8E2D6D02-8FF7-4228-BC73-006B53A98539}"
EndProject
Project("{FAE04EC0-301F-11D3-BF4B-00C04F79EFBC}") = "DAL", "DAL\DAL.csproj", "{FABF2DE4-D7D7-4CAE-922D-F4E490D52B39}"
EndProject
Global
	GlobalSection(SolutionConfigurationPlatforms) = preSolution
		Debug|Any CPU = Debug|Any CPU
		Release|Any CPU = Release|Any CPU
	EndGlobalSection
	GlobalSection(ProjectConfigurationPlatforms) = postSolution
		{3AA6D742-75CD-4F73-A40C-82C327A19FCF}.Debug|Any CPU.ActiveCfg = Debug|Any CPU
		{3AA6D742-75CD-4F73-A40C-82C327A19FCF}.Debug|Any CPU.Build.0 = Debug|Any CPU
		{3AA6D742-75CD-4F73-A40C-82C327A19FCF}.Release|Any CPU.ActiveCfg = Release|Any CPU
		{3AA6D742-75CD-4F73-A40C-82C327A19FCF}.Release|Any CPU.Build.0 = Release|Any CPU
		{8E2D6D02-8FF7-4228-BC73-006B53A98539}.Debug|Any CPU.ActiveCfg = Debug|Any CPU
		{8E2D6D02-8FF7-4228-BC73-006B53A98539}.Debug|Any CPU.Build.0 = Debug|Any CPU
		{8E2D6D02-8FF7-4228-BC73-006B53A98539}.Release|Any CPU.ActiveCfg = Release|Any CPU
		{8E2D6D02-8FF7-4228-BC73-006B53A98539}.Release|Any CPU.Build.0 = Release|Any CPU
		{FABF2DE4-D7D7-4CAE-922D-F4E490D52B39}.Debug|Any CPU.ActiveCfg = Debug|Any CPU
		{FABF2DE4-D7D7-4CAE-922D-F4E490D52B39}.Debug|Any CPU.Build.0 = Debug|Any CPU
		{FABF2DE4-D7D7-4CAE-922D-F4E490D52B39}.Release|Any CPU.ActiveCfg = Release|Any CPU
		{FABF2DE4-D7D7-4CAE-922D-F4E490D52B39}.Release|Any CPU.Build.0 = Release|Any CPU
	EndGlobalSection
	GlobalSection(SolutionProperties) = preSolution
		HideSolutionNode = FALSE
	EndGlobalSection
	GlobalSection(ExtensibilityGlobals) = postSolution
		SolutionGuid = {A6BC9CEB-DED4-4249-B221-66F3FAC46112}
	EndGlobalSection
EndGlobal
